{
  "nodes": {
    "amulet": {
      "inputs": {
        "flake-utils": [
          "flake-utils"
        ],
        "nix": [
          "nix"
        ],
        "nixpkgs": [
          "nixpkgs"
        ]
      },
      "locked": {
        "lastModified": 1655077553,
        "narHash": "sha256-bklz7YSdcsAvPqw3pDtzZhLIoTxeOZyOm96tqmMwsqU=",
        "owner": "bobtwinkles",
        "repo": "amulet-flake",
        "rev": "417aaaa8e24006b136b4c7241cc7585a0e6194e6",
        "type": "github"
      },
      "original": {
        "owner": "bobtwinkles",
        "repo": "amulet-flake",
        "type": "github"
      }
    },
    "fenix": {
      "inputs": {
        "nixpkgs": [
          "nixpkgs"
        ],
        "rust-analyzer-src": "rust-analyzer-src"
      },
      "locked": {
        "lastModified": 1655015159,
        "narHash": "sha256-oUw7h/msNWl0gv3uDoN6p5vk5H4UorHGPLkcLSSgRq8=",
        "owner": "nix-community",
        "repo": "fenix",
        "rev": "17eb24f27c42709ec984b9737bd633685d1084b2",
        "type": "github"
      },
      "original": {
        "owner": "nix-community",
        "repo": "fenix",
        "type": "github"
      }
    },
    "flake-utils": {
      "locked": {
        "lastModified": 1653893745,
        "narHash": "sha256-0jntwV3Z8//YwuOjzhV2sgJJPt+HY6KhU7VZUL0fKZQ=",
        "owner": "numtide",
        "repo": "flake-utils",
        "rev": "1ed9fb1935d260de5fe1c2f7ee0ebaae17ed2fa1",
        "type": "github"
      },
      "original": {
        "owner": "numtide",
        "repo": "flake-utils",
        "type": "github"
      }
    },
    "lowdown-src": {
      "flake": false,
      "locked": {
        "lastModified": 1633514407,
        "narHash": "sha256-Dw32tiMjdK9t3ETl5fzGrutQTzh2rufgZV4A/BbxuD4=",
        "owner": "kristapsdz",
        "repo": "lowdown",
        "rev": "d2c2b44ff6c27b936ec27358a2653caaef8f73b8",
        "type": "github"
      },
      "original": {
        "owner": "kristapsdz",
        "repo": "lowdown",
        "type": "github"
      }
    },
    "nix": {
      "inputs": {
        "lowdown-src": "lowdown-src",
        "nixpkgs": [
          "nixpkgs"
        ],
        "nixpkgs-regression": "nixpkgs-regression"
      },
      "locked": {
        "lastModified": 1654930096,
        "narHash": "sha256-EpXxh+AfK3S80igRDMxpMd/eFBcnFUb2AzJIxy7Fl+I=",
        "owner": "nixos",
        "repo": "nix",
        "rev": "37fc4d73bbf4bd09f20530420b1511b9b1793a2d",
        "type": "github"
      },
      "original": {
        "owner": "nixos",
        "repo": "nix",
        "type": "github"
      }
    },
    "nixpkgs": {
      "locked": {
        "lastModified": 1655077460,
        "narHash": "sha256-MFq32SISPa6z8q4VRB2lD0Blv1tZKSaZZsxPaBiRt+o=",
        "owner": "nixos",
        "repo": "nixpkgs",
        "rev": "f5cafb7817d4c2b6db188a79b237e5ba8c7381fd",
        "type": "github"
      },
      "original": {
        "owner": "nixos",
        "repo": "nixpkgs",
        "type": "github"
      }
    },
    "nixpkgs-regression": {
      "locked": {
        "lastModified": 1643052045,
        "narHash": "sha256-uGJ0VXIhWKGXxkeNnq4TvV3CIOkUJ3PAoLZ3HMzNVMw=",
        "owner": "NixOS",
        "repo": "nixpkgs",
        "rev": "215d4d0fd80ca5163643b03a33fde804a29cc1e2",
        "type": "github"
      },
      "original": {
        "owner": "NixOS",
        "repo": "nixpkgs",
        "rev": "215d4d0fd80ca5163643b03a33fde804a29cc1e2",
        "type": "github"
      }
    },
    "root": {
      "inputs": {
        "amulet": "amulet",
        "fenix": "fenix",
        "flake-utils": "flake-utils",
        "nix": "nix",
        "nixpkgs": "nixpkgs"
      }
    },
    "rust-analyzer-src": {
      "flake": false,
      "locked": {
        "lastModified": 1654966658,
        "narHash": "sha256-kenQ+fO4KSQOPj43k/nm6rPpqkgV1Y1MeuXJRJb1NEY=",
        "owner": "rust-lang",
        "repo": "rust-analyzer",
        "rev": "ccab003db643b68a783db2d1fecc3ece86c35069",
        "type": "github"
      },
      "original": {
        "owner": "rust-lang",
        "ref": "nightly",
        "repo": "rust-analyzer",
        "type": "github"
      }
    }
  },
  "root": "root",
  "version": 7
}
