{
  "nodes": {
    "amulet": {
      "inputs": {
        "flake-utils": [
          "flake-utils"
        ],
        "nix": [
          "nix"
        ],
        "nixpkgs": [
          "nixpkgs"
        ]
      },
      "locked": {
        "lastModified": 1639106401,
        "narHash": "sha256-QGgulI0sfBoIDCklcpiSs4uNwuYRXuYULTid6Hp2p3E=",
        "owner": "bobtwinkles",
        "repo": "amulet-flake",
        "rev": "f5182a97f24801627c8024b28387b3f598f95a96",
        "type": "github"
      },
      "original": {
        "owner": "bobtwinkles",
        "repo": "amulet-flake",
        "type": "github"
      }
    },
    "bt-yosys": {
      "inputs": {
        "nix": [
          "nix"
        ],
        "nixpkgs": [
          "nixpkgs"
        ]
      },
      "locked": {
        "lastModified": 1638742251,
        "narHash": "sha256-hTwPvdL1AG7WpDg011KYmEwFPNrwz5KM2xtSEit5BC0=",
        "owner": "bobtwinkles",
        "repo": "yosys",
        "rev": "736283103a4eb5fa0743e4ac9ae02ae889ddd1dc",
        "type": "github"
      },
      "original": {
        "owner": "bobtwinkles",
        "ref": "master",
        "repo": "yosys",
        "type": "github"
      }
    },
    "flake-utils": {
      "locked": {
        "lastModified": 1638122382,
        "narHash": "sha256-sQzZzAbvKEqN9s0bzWuYmRaA03v40gaJ4+iL1LXjaeI=",
        "owner": "numtide",
        "repo": "flake-utils",
        "rev": "74f7e4319258e287b0f9cb95426c9853b282730b",
        "type": "github"
      },
      "original": {
        "owner": "numtide",
        "repo": "flake-utils",
        "type": "github"
      }
    },
    "lowdown-src": {
      "flake": false,
      "locked": {
        "lastModified": 1633514407,
        "narHash": "sha256-Dw32tiMjdK9t3ETl5fzGrutQTzh2rufgZV4A/BbxuD4=",
        "owner": "kristapsdz",
        "repo": "lowdown",
        "rev": "d2c2b44ff6c27b936ec27358a2653caaef8f73b8",
        "type": "github"
      },
      "original": {
        "owner": "kristapsdz",
        "repo": "lowdown",
        "type": "github"
      }
    },
    "mozilla-overlay": {
      "flake": false,
      "locked": {
        "lastModified": 1638887313,
        "narHash": "sha256-FMYV6rVtvSIfthgC1sK1xugh3y7muoQcvduMdriz4ag=",
        "owner": "mozilla",
        "repo": "nixpkgs-mozilla",
        "rev": "7c1e8b1dd6ed0043fb4ee0b12b815256b0b9de6f",
        "type": "github"
      },
      "original": {
        "owner": "mozilla",
        "repo": "nixpkgs-mozilla",
        "type": "github"
      }
    },
    "nix": {
      "inputs": {
        "lowdown-src": "lowdown-src",
        "nixpkgs": [
          "nixpkgs"
        ]
      },
      "locked": {
        "lastModified": 1639738809,
        "narHash": "sha256-RZSWOJUPkXIlMNYMC5a+WNrOjpqAHyhzyqD57BGfNY8=",
        "owner": "nixos",
        "repo": "nix",
        "rev": "6e6e998930f0d7361d64644eb37d9134e74e8501",
        "type": "github"
      },
      "original": {
        "owner": "nixos",
        "repo": "nix",
        "type": "github"
      }
    },
    "nixpkgs": {
      "locked": {
        "lastModified": 1639865322,
        "narHash": "sha256-b6cTxVRUTVKvZ8hXB1lplgaAJN2VEYP4zaQLg1TwJvY=",
        "owner": "nixos",
        "repo": "nixpkgs",
        "rev": "2be41f397a6010cef61e7f777212f763d0b01057",
        "type": "github"
      },
      "original": {
        "owner": "nixos",
        "repo": "nixpkgs",
        "type": "github"
      }
    },
    "root": {
      "inputs": {
        "amulet": "amulet",
        "bt-yosys": "bt-yosys",
        "flake-utils": "flake-utils",
        "mozilla-overlay": "mozilla-overlay",
        "nix": "nix",
        "nixpkgs": "nixpkgs"
      }
    }
  },
  "root": "root",
  "version": 7
}
