{
  "nodes": {
    "amulet": {
      "inputs": {
        "flake-utils": [
          "flake-utils"
        ],
        "nix": [
          "nix"
        ],
        "nixpkgs": [
          "nixpkgs"
        ]
      },
      "locked": {
        "lastModified": 1655087676,
        "narHash": "sha256-jot9hdNLJPf0OvZcXqr5NE8le2GAXD/uLCDMrccykks=",
        "owner": "bobtwinkles",
        "repo": "amulet-flake",
        "rev": "fd1a8852de119141b5fc6b2e8a0cb198a5083d9a",
        "type": "github"
      },
      "original": {
        "owner": "bobtwinkles",
        "repo": "amulet-flake",
        "type": "github"
      }
    },
    "fenix": {
      "inputs": {
        "nixpkgs": [
          "nixpkgs"
        ],
        "rust-analyzer-src": "rust-analyzer-src"
      },
      "locked": {
        "lastModified": 1656743113,
        "narHash": "sha256-kefFVGBPKePDBgofW++XrwtAk19izXeb0IMozfoCthE=",
        "owner": "nix-community",
        "repo": "fenix",
        "rev": "0ce83f7f5b58a91c09fbc8e21c77ae5f3d680f09",
        "type": "github"
      },
      "original": {
        "owner": "nix-community",
        "repo": "fenix",
        "type": "github"
      }
    },
    "flake-utils": {
      "locked": {
        "lastModified": 1656065134,
        "narHash": "sha256-oc6E6ByIw3oJaIyc67maaFcnjYOz1mMcOtHxbEf9NwQ=",
        "owner": "numtide",
        "repo": "flake-utils",
        "rev": "bee6a7250dd1b01844a2de7e02e4df7d8a0a206c",
        "type": "github"
      },
      "original": {
        "owner": "numtide",
        "repo": "flake-utils",
        "type": "github"
      }
    },
    "lowdown-src": {
      "flake": false,
      "locked": {
        "lastModified": 1633514407,
        "narHash": "sha256-Dw32tiMjdK9t3ETl5fzGrutQTzh2rufgZV4A/BbxuD4=",
        "owner": "kristapsdz",
        "repo": "lowdown",
        "rev": "d2c2b44ff6c27b936ec27358a2653caaef8f73b8",
        "type": "github"
      },
      "original": {
        "owner": "kristapsdz",
        "repo": "lowdown",
        "type": "github"
      }
    },
    "nix": {
      "inputs": {
        "lowdown-src": "lowdown-src",
        "nixpkgs": [
          "nixpkgs"
        ],
        "nixpkgs-regression": "nixpkgs-regression"
      },
      "locked": {
        "lastModified": 1656519667,
        "narHash": "sha256-iecJds7Dt7ezb5C95IEffsOaH7m7aLa5Eu/MnS9fv4E=",
        "owner": "nixos",
        "repo": "nix",
        "rev": "b7eb4ac1692e289912f3988c0e28bb2c778a4f7a",
        "type": "github"
      },
      "original": {
        "owner": "nixos",
        "repo": "nix",
        "type": "github"
      }
    },
    "nixpkgs": {
      "locked": {
        "lastModified": 1656820620,
        "narHash": "sha256-opA3AJam4NHibXEVqgp8eJZYjGfucFqcG+/nNeHAhBs=",
        "owner": "nixos",
        "repo": "nixpkgs",
        "rev": "87cdb337d5a97b62eed39edd7fc9c35a6d57aca7",
        "type": "github"
      },
      "original": {
        "owner": "nixos",
        "repo": "nixpkgs",
        "type": "github"
      }
    },
    "nixpkgs-regression": {
      "locked": {
        "lastModified": 1643052045,
        "narHash": "sha256-uGJ0VXIhWKGXxkeNnq4TvV3CIOkUJ3PAoLZ3HMzNVMw=",
        "owner": "NixOS",
        "repo": "nixpkgs",
        "rev": "215d4d0fd80ca5163643b03a33fde804a29cc1e2",
        "type": "github"
      },
      "original": {
        "owner": "NixOS",
        "repo": "nixpkgs",
        "rev": "215d4d0fd80ca5163643b03a33fde804a29cc1e2",
        "type": "github"
      }
    },
    "root": {
      "inputs": {
        "amulet": "amulet",
        "fenix": "fenix",
        "flake-utils": "flake-utils",
        "nix": "nix",
        "nixpkgs": "nixpkgs"
      }
    },
    "rust-analyzer-src": {
      "flake": false,
      "locked": {
        "lastModified": 1656694823,
        "narHash": "sha256-3mz3JRyPYMFZ/7FG6ELiPHxmMM5bHJvbcBAmBCHFEwo=",
        "owner": "rust-lang",
        "repo": "rust-analyzer",
        "rev": "ec78b6b08af38df0b06422c050968945fb9e02c0",
        "type": "github"
      },
      "original": {
        "owner": "rust-lang",
        "ref": "nightly",
        "repo": "rust-analyzer",
        "type": "github"
      }
    }
  },
  "root": "root",
  "version": 7
}
